// !$*UTF8*$!
{
	archiveVersion = 1;
	classes = {
	};
	objectVersion = 56;
	objects = {

/* Begin PBXBuildFile section */
		A1000001200000010000000100000001 /* HRTYApp.swift in Sources */ = {isa = PBXBuildFile; fileRef = A1000002200000010000000100000001 /* HRTYApp.swift */; };
		A1000001200000010000000100000002 /* ContentView.swift in Sources */ = {isa = PBXBuildFile; fileRef = A1000002200000010000000100000002 /* ContentView.swift */; };
		A1000001200000010000000100000003 /* Assets.xcassets in Resources */ = {isa = PBXBuildFile; fileRef = A1000002200000010000000100000003 /* Assets.xcassets */; };
		A1000001200000010000000100000004 /* TodayView.swift in Sources */ = {isa = PBXBuildFile; fileRef = A1000002200000010000000100000004 /* TodayView.swift */; };
		A1000001200000010000000100000005 /* TrendsView.swift in Sources */ = {isa = PBXBuildFile; fileRef = A1000002200000010000000100000005 /* TrendsView.swift */; };
		A1000001200000010000000100000006 /* MedicationsView.swift in Sources */ = {isa = PBXBuildFile; fileRef = A1000002200000010000000100000006 /* MedicationsView.swift */; };
		A1000001200000010000000100000007 /* ExportView.swift in Sources */ = {isa = PBXBuildFile; fileRef = A1000002200000010000000100000007 /* ExportView.swift */; };
		A1000001200000010000000100000008 /* SettingsView.swift in Sources */ = {isa = PBXBuildFile; fileRef = A1000002200000010000000100000008 /* SettingsView.swift */; };
		A1000001200000010000000100000009 /* SymptomType.swift in Sources */ = {isa = PBXBuildFile; fileRef = A1000002200000010000000100000009 /* SymptomType.swift */; };
		A100000120000001000000010000000A /* AlertType.swift in Sources */ = {isa = PBXBuildFile; fileRef = A100000220000001000000010000000A /* AlertType.swift */; };
		A100000120000001000000010000000B /* DailyEntry.swift in Sources */ = {isa = PBXBuildFile; fileRef = A100000220000001000000010000000B /* DailyEntry.swift */; };
		A100000120000001000000010000000C /* SymptomEntry.swift in Sources */ = {isa = PBXBuildFile; fileRef = A100000220000001000000010000000C /* SymptomEntry.swift */; };
		A100000120000001000000010000000D /* DiureticDose.swift in Sources */ = {isa = PBXBuildFile; fileRef = A100000220000001000000010000000D /* DiureticDose.swift */; };
		A100000120000001000000010000000E /* Medication.swift in Sources */ = {isa = PBXBuildFile; fileRef = A100000220000001000000010000000E /* Medication.swift */; };
		A100000120000001000000010000000F /* AlertEvent.swift in Sources */ = {isa = PBXBuildFile; fileRef = A100000220000001000000010000000F /* AlertEvent.swift */; };
		A1000001200000010000000100000010 /* TodayViewModel.swift in Sources */ = {isa = PBXBuildFile; fileRef = A1000002200000010000000100000010 /* TodayViewModel.swift */; };
		A1000001200000010000000100000011 /* SymptomRowView.swift in Sources */ = {isa = PBXBuildFile; fileRef = A1000002200000010000000100000011 /* SymptomRowView.swift */; };
		A1000001200000010000000100000012 /* SeverityLevel.swift in Sources */ = {isa = PBXBuildFile; fileRef = A1000002200000010000000100000012 /* SeverityLevel.swift */; };
		A1000001200000010000000100000013 /* MedicationsViewModel.swift in Sources */ = {isa = PBXBuildFile; fileRef = A1000002200000010000000100000013 /* MedicationsViewModel.swift */; };
		A1000001200000010000000100000014 /* MedicationRowView.swift in Sources */ = {isa = PBXBuildFile; fileRef = A1000002200000010000000100000014 /* MedicationRowView.swift */; };
		A1000001200000010000000100000015 /* MedicationFormView.swift in Sources */ = {isa = PBXBuildFile; fileRef = A1000002200000010000000100000015 /* MedicationFormView.swift */; };
		A1000001200000010000000100000016 /* DiureticSectionView.swift in Sources */ = {isa = PBXBuildFile; fileRef = A1000002200000010000000100000016 /* DiureticSectionView.swift */; };
		A1000001200000010000000100000017 /* DiureticRowView.swift in Sources */ = {isa = PBXBuildFile; fileRef = A1000002200000010000000100000017 /* DiureticRowView.swift */; };
		A1000001200000010000000100000018 /* CustomDoseSheet.swift in Sources */ = {isa = PBXBuildFile; fileRef = A1000002200000010000000100000018 /* CustomDoseSheet.swift */; };
		A1000001200000010000000100000019 /* WeightAlertView.swift in Sources */ = {isa = PBXBuildFile; fileRef = A1000002200000010000000100000019 /* WeightAlertView.swift */; };
		B1000001200000010000000200000001 /* TabTests.swift in Sources */ = {isa = PBXBuildFile; fileRef = B1000002200000010000000200000001 /* TabTests.swift */; };
		B1000001200000010000000200000002 /* SymptomTests.swift in Sources */ = {isa = PBXBuildFile; fileRef = B1000002200000010000000200000002 /* SymptomTests.swift */; };
		B1000001200000010000000200000003 /* MedicationsViewModelTests.swift in Sources */ = {isa = PBXBuildFile; fileRef = B1000002200000010000000200000003 /* MedicationsViewModelTests.swift */; };
		B1000001200000010000000200000004 /* WeightAlertTests.swift in Sources */ = {isa = PBXBuildFile; fileRef = B1000002200000010000000200000004 /* WeightAlertTests.swift */; };
/* End PBXBuildFile section */

/* Begin PBXContainerItemProxy section */
		B1000003200000010000000200000001 /* PBXContainerItemProxy */ = {
			isa = PBXContainerItemProxy;
			containerPortal = A1000009200000010000000100000001 /* Project object */;
			proxyType = 1;
			remoteGlobalIDString = A1000006200000010000000100000001;
			remoteInfo = HRTY;
		};
/* End PBXContainerItemProxy section */

/* Begin PBXFileReference section */
		A1000002200000010000000100000001 /* HRTYApp.swift */ = {isa = PBXFileReference; lastKnownFileType = sourcecode.swift; path = HRTYApp.swift; sourceTree = "<group>"; };
		A1000002200000010000000100000002 /* ContentView.swift */ = {isa = PBXFileReference; lastKnownFileType = sourcecode.swift; path = ContentView.swift; sourceTree = "<group>"; };
		A1000002200000010000000100000003 /* Assets.xcassets */ = {isa = PBXFileReference; lastKnownFileType = folder.assetcatalog; path = Assets.xcassets; sourceTree = "<group>"; };
		A1000002200000010000000100000004 /* TodayView.swift */ = {isa = PBXFileReference; lastKnownFileType = sourcecode.swift; path = TodayView.swift; sourceTree = "<group>"; };
		A1000002200000010000000100000005 /* TrendsView.swift */ = {isa = PBXFileReference; lastKnownFileType = sourcecode.swift; path = TrendsView.swift; sourceTree = "<group>"; };
		A1000002200000010000000100000006 /* MedicationsView.swift */ = {isa = PBXFileReference; lastKnownFileType = sourcecode.swift; path = MedicationsView.swift; sourceTree = "<group>"; };
		A1000002200000010000000100000007 /* ExportView.swift */ = {isa = PBXFileReference; lastKnownFileType = sourcecode.swift; path = ExportView.swift; sourceTree = "<group>"; };
		A1000002200000010000000100000008 /* SettingsView.swift */ = {isa = PBXFileReference; lastKnownFileType = sourcecode.swift; path = SettingsView.swift; sourceTree = "<group>"; };
		A1000002200000010000000100000009 /* SymptomType.swift */ = {isa = PBXFileReference; lastKnownFileType = sourcecode.swift; path = SymptomType.swift; sourceTree = "<group>"; };
		A100000220000001000000010000000A /* AlertType.swift */ = {isa = PBXFileReference; lastKnownFileType = sourcecode.swift; path = AlertType.swift; sourceTree = "<group>"; };
		A100000220000001000000010000000B /* DailyEntry.swift */ = {isa = PBXFileReference; lastKnownFileType = sourcecode.swift; path = DailyEntry.swift; sourceTree = "<group>"; };
		A100000220000001000000010000000C /* SymptomEntry.swift */ = {isa = PBXFileReference; lastKnownFileType = sourcecode.swift; path = SymptomEntry.swift; sourceTree = "<group>"; };
		A100000220000001000000010000000D /* DiureticDose.swift */ = {isa = PBXFileReference; lastKnownFileType = sourcecode.swift; path = DiureticDose.swift; sourceTree = "<group>"; };
		A100000220000001000000010000000E /* Medication.swift */ = {isa = PBXFileReference; lastKnownFileType = sourcecode.swift; path = Medication.swift; sourceTree = "<group>"; };
		A100000220000001000000010000000F /* AlertEvent.swift */ = {isa = PBXFileReference; lastKnownFileType = sourcecode.swift; path = AlertEvent.swift; sourceTree = "<group>"; };
		A1000002200000010000000100000010 /* TodayViewModel.swift */ = {isa = PBXFileReference; lastKnownFileType = sourcecode.swift; path = TodayViewModel.swift; sourceTree = "<group>"; };
		A1000002200000010000000100000011 /* SymptomRowView.swift */ = {isa = PBXFileReference; lastKnownFileType = sourcecode.swift; path = SymptomRowView.swift; sourceTree = "<group>"; };
		A1000002200000010000000100000012 /* SeverityLevel.swift */ = {isa = PBXFileReference; lastKnownFileType = sourcecode.swift; path = SeverityLevel.swift; sourceTree = "<group>"; };
		A1000002200000010000000100000013 /* MedicationsViewModel.swift */ = {isa = PBXFileReference; lastKnownFileType = sourcecode.swift; path = MedicationsViewModel.swift; sourceTree = "<group>"; };
		A1000002200000010000000100000014 /* MedicationRowView.swift */ = {isa = PBXFileReference; lastKnownFileType = sourcecode.swift; path = MedicationRowView.swift; sourceTree = "<group>"; };
		A1000002200000010000000100000015 /* MedicationFormView.swift */ = {isa = PBXFileReference; lastKnownFileType = sourcecode.swift; path = MedicationFormView.swift; sourceTree = "<group>"; };
		A1000002200000010000000100000016 /* DiureticSectionView.swift */ = {isa = PBXFileReference; lastKnownFileType = sourcecode.swift; path = DiureticSectionView.swift; sourceTree = "<group>"; };
		A1000002200000010000000100000017 /* DiureticRowView.swift */ = {isa = PBXFileReference; lastKnownFileType = sourcecode.swift; path = DiureticRowView.swift; sourceTree = "<group>"; };
		A1000002200000010000000100000018 /* CustomDoseSheet.swift */ = {isa = PBXFileReference; lastKnownFileType = sourcecode.swift; path = CustomDoseSheet.swift; sourceTree = "<group>"; };
		A1000002200000010000000100000019 /* WeightAlertView.swift */ = {isa = PBXFileReference; lastKnownFileType = sourcecode.swift; path = WeightAlertView.swift; sourceTree = "<group>"; };
		A1000003200000010000000100000001 /* HRTY.app */ = {isa = PBXFileReference; explicitFileType = wrapper.application; includeInIndex = 0; path = HRTY.app; sourceTree = BUILT_PRODUCTS_DIR; };
		B1000002200000010000000200000001 /* TabTests.swift */ = {isa = PBXFileReference; lastKnownFileType = sourcecode.swift; path = TabTests.swift; sourceTree = "<group>"; };
		B1000002200000010000000200000002 /* SymptomTests.swift */ = {isa = PBXFileReference; lastKnownFileType = sourcecode.swift; path = SymptomTests.swift; sourceTree = "<group>"; };
		B1000002200000010000000200000003 /* MedicationsViewModelTests.swift */ = {isa = PBXFileReference; lastKnownFileType = sourcecode.swift; path = MedicationsViewModelTests.swift; sourceTree = "<group>"; };
		B1000002200000010000000200000004 /* WeightAlertTests.swift */ = {isa = PBXFileReference; lastKnownFileType = sourcecode.swift; path = WeightAlertTests.swift; sourceTree = "<group>"; };
		B1000004200000010000000200000001 /* HRTYTests.xctest */ = {isa = PBXFileReference; explicitFileType = wrapper.cfbundle; includeInIndex = 0; path = HRTYTests.xctest; sourceTree = BUILT_PRODUCTS_DIR; };
/* End PBXFileReference section */

/* Begin PBXFrameworksBuildPhase section */
		A1000004200000010000000100000001 /* Frameworks */ = {
			isa = PBXFrameworksBuildPhase;
			buildActionMask = 2147483647;
			files = (
			);
			runOnlyForDeploymentPostprocessing = 0;
		};
		B1000005200000010000000200000001 /* Frameworks */ = {
			isa = PBXFrameworksBuildPhase;
			buildActionMask = 2147483647;
			files = (
			);
			runOnlyForDeploymentPostprocessing = 0;
		};
/* End PBXFrameworksBuildPhase section */

/* Begin PBXGroup section */
		A1000005200000010000000100000001 = {
			isa = PBXGroup;
			children = (
				A1000005200000010000000100000002 /* HRTY */,
				B1000006200000010000000200000001 /* HRTYTests */,
				A1000005200000010000000100000003 /* Products */,
			);
			sourceTree = "<group>";
		};
		A1000005200000010000000100000002 /* HRTY */ = {
			isa = PBXGroup;
			children = (
				A1000002200000010000000100000001 /* HRTYApp.swift */,
				A1000002200000010000000100000002 /* ContentView.swift */,
				A1000005200000010000000100000005 /* Models */,
				A1000005200000010000000100000004 /* Views */,
				A1000005200000010000000100000006 /* ViewModels */,
				A1000002200000010000000100000003 /* Assets.xcassets */,
			);
			path = HRTY;
			sourceTree = "<group>";
		};
		A1000005200000010000000100000005 /* Models */ = {
			isa = PBXGroup;
			children = (
				A1000002200000010000000100000009 /* SymptomType.swift */,
				A100000220000001000000010000000A /* AlertType.swift */,
				A100000220000001000000010000000B /* DailyEntry.swift */,
				A100000220000001000000010000000C /* SymptomEntry.swift */,
				A100000220000001000000010000000D /* DiureticDose.swift */,
				A100000220000001000000010000000E /* Medication.swift */,
				A100000220000001000000010000000F /* AlertEvent.swift */,
				A1000002200000010000000100000012 /* SeverityLevel.swift */,
			);
			path = Models;
			sourceTree = "<group>";
		};
		A1000005200000010000000100000003 /* Products */ = {
			isa = PBXGroup;
			children = (
				A1000003200000010000000100000001 /* HRTY.app */,
				B1000004200000010000000200000001 /* HRTYTests.xctest */,
			);
			name = Products;
			sourceTree = "<group>";
		};
		A1000005200000010000000100000004 /* Views */ = {
			isa = PBXGroup;
			children = (
				A1000002200000010000000100000004 /* TodayView.swift */,
				A1000002200000010000000100000005 /* TrendsView.swift */,
				A1000002200000010000000100000006 /* MedicationsView.swift */,
				A1000002200000010000000100000007 /* ExportView.swift */,
				A1000002200000010000000100000008 /* SettingsView.swift */,
				A1000002200000010000000100000011 /* SymptomRowView.swift */,
				A1000002200000010000000100000014 /* MedicationRowView.swift */,
				A1000002200000010000000100000015 /* MedicationFormView.swift */,
				A1000002200000010000000100000016 /* DiureticSectionView.swift */,
				A1000002200000010000000100000017 /* DiureticRowView.swift */,
				A1000002200000010000000100000018 /* CustomDoseSheet.swift */,
				A1000002200000010000000100000019 /* WeightAlertView.swift */,
			);
			path = Views;
			sourceTree = "<group>";
		};
		A1000005200000010000000100000006 /* ViewModels */ = {
			isa = PBXGroup;
			children = (
				A1000002200000010000000100000010 /* TodayViewModel.swift */,
				A1000002200000010000000100000013 /* MedicationsViewModel.swift */,
			);
			path = ViewModels;
			sourceTree = "<group>";
		};
		B1000006200000010000000200000001 /* HRTYTests */ = {
			isa = PBXGroup;
			children = (
				B1000002200000010000000200000001 /* TabTests.swift */,
				B1000002200000010000000200000002 /* SymptomTests.swift */,
				B1000002200000010000000200000003 /* MedicationsViewModelTests.swift */,
				B1000002200000010000000200000004 /* WeightAlertTests.swift */,
			);
			path = HRTYTests;
			sourceTree = "<group>";
		};
/* End PBXGroup section */

/* Begin PBXNativeTarget section */
		A1000006200000010000000100000001 /* HRTY */ = {
			isa = PBXNativeTarget;
			buildConfigurationList = A1000008200000010000000100000001 /* Build configuration list for PBXNativeTarget "HRTY" */;
			buildPhases = (
				A1000007200000010000000100000001 /* Sources */,
				A1000004200000010000000100000001 /* Frameworks */,
				A1000007200000010000000100000002 /* Resources */,
			);
			buildRules = (
			);
			dependencies = (
			);
			name = HRTY;
			productName = HRTY;
			productReference = A1000003200000010000000100000001 /* HRTY.app */;
			productType = "com.apple.product-type.application";
		};
		B1000007200000010000000200000001 /* HRTYTests */ = {
			isa = PBXNativeTarget;
			buildConfigurationList = B1000008200000010000000200000001 /* Build configuration list for PBXNativeTarget "HRTYTests" */;
			buildPhases = (
				B1000009200000010000000200000001 /* Sources */,
				B1000005200000010000000200000001 /* Frameworks */,
				B100000A200000010000000200000001 /* Resources */,
			);
			buildRules = (
			);
			dependencies = (
				B100000B200000010000000200000001 /* PBXTargetDependency */,
			);
			name = HRTYTests;
			productName = HRTYTests;
			productReference = B1000004200000010000000200000001 /* HRTYTests.xctest */;
			productType = "com.apple.product-type.bundle.unit-test";
		};
/* End PBXNativeTarget section */

/* Begin PBXProject section */
		A1000009200000010000000100000001 /* Project object */ = {
			isa = PBXProject;
			attributes = {
				BuildIndependentTargetsInParallel = 1;
				LastSwiftUpdateCheck = 1500;
				LastUpgradeCheck = 1500;
				TargetAttributes = {
					A1000006200000010000000100000001 = {
						CreatedOnToolsVersion = 15.0;
					};
					B1000007200000010000000200000001 = {
						CreatedOnToolsVersion = 15.0;
						TestTargetID = A1000006200000010000000100000001;
					};
				};
			};
			buildConfigurationList = A1000008200000010000000100000002 /* Build configuration list for PBXProject "HRTY" */;
			compatibilityVersion = "Xcode 14.0";
			developmentRegion = en;
			hasScannedForEncodings = 0;
			knownRegions = (
				en,
				Base,
			);
			mainGroup = A1000005200000010000000100000001;
			productRefGroup = A1000005200000010000000100000003 /* Products */;
			projectDirPath = "";
			projectRoot = "";
			targets = (
				A1000006200000010000000100000001 /* HRTY */,
				B1000007200000010000000200000001 /* HRTYTests */,
			);
		};
/* End PBXProject section */

/* Begin PBXResourcesBuildPhase section */
		A1000007200000010000000100000002 /* Resources */ = {
			isa = PBXResourcesBuildPhase;
			buildActionMask = 2147483647;
			files = (
				A1000001200000010000000100000003 /* Assets.xcassets in Resources */,
			);
			runOnlyForDeploymentPostprocessing = 0;
		};
		B100000A200000010000000200000001 /* Resources */ = {
			isa = PBXResourcesBuildPhase;
			buildActionMask = 2147483647;
			files = (
			);
			runOnlyForDeploymentPostprocessing = 0;
		};
/* End PBXResourcesBuildPhase section */

/* Begin PBXSourcesBuildPhase section */
		A1000007200000010000000100000001 /* Sources */ = {
			isa = PBXSourcesBuildPhase;
			buildActionMask = 2147483647;
			files = (
				A1000001200000010000000100000001 /* HRTYApp.swift in Sources */,
				A1000001200000010000000100000002 /* ContentView.swift in Sources */,
				A1000001200000010000000100000004 /* TodayView.swift in Sources */,
				A1000001200000010000000100000005 /* TrendsView.swift in Sources */,
				A1000001200000010000000100000006 /* MedicationsView.swift in Sources */,
				A1000001200000010000000100000007 /* ExportView.swift in Sources */,
				A1000001200000010000000100000008 /* SettingsView.swift in Sources */,
				A1000001200000010000000100000009 /* SymptomType.swift in Sources */,
				A100000120000001000000010000000A /* AlertType.swift in Sources */,
				A100000120000001000000010000000B /* DailyEntry.swift in Sources */,
				A100000120000001000000010000000C /* SymptomEntry.swift in Sources */,
				A100000120000001000000010000000D /* DiureticDose.swift in Sources */,
				A100000120000001000000010000000E /* Medication.swift in Sources */,
				A100000120000001000000010000000F /* AlertEvent.swift in Sources */,
				A1000001200000010000000100000010 /* TodayViewModel.swift in Sources */,
				A1000001200000010000000100000011 /* SymptomRowView.swift in Sources */,
				A1000001200000010000000100000012 /* SeverityLevel.swift in Sources */,
				A1000001200000010000000100000013 /* MedicationsViewModel.swift in Sources */,
				A1000001200000010000000100000014 /* MedicationRowView.swift in Sources */,
				A1000001200000010000000100000015 /* MedicationFormView.swift in Sources */,
				A1000001200000010000000100000016 /* DiureticSectionView.swift in Sources */,
				A1000001200000010000000100000017 /* DiureticRowView.swift in Sources */,
				A1000001200000010000000100000018 /* CustomDoseSheet.swift in Sources */,
				A1000001200000010000000100000019 /* WeightAlertView.swift in Sources */,
			);
			runOnlyForDeploymentPostprocessing = 0;
		};
		B1000009200000010000000200000001 /* Sources */ = {
			isa = PBXSourcesBuildPhase;
			buildActionMask = 2147483647;
			files = (
				B1000001200000010000000200000001 /* TabTests.swift in Sources */,
				B1000001200000010000000200000002 /* SymptomTests.swift in Sources */,
				B1000001200000010000000200000003 /* MedicationsViewModelTests.swift in Sources */,
				B1000001200000010000000200000004 /* WeightAlertTests.swift in Sources */,
			);
			runOnlyForDeploymentPostprocessing = 0;
		};
/* End PBXSourcesBuildPhase section */

/* Begin PBXTargetDependency section */
		B100000B200000010000000200000001 /* PBXTargetDependency */ = {
			isa = PBXTargetDependency;
			target = A1000006200000010000000100000001 /* HRTY */;
			targetProxy = B1000003200000010000000200000001 /* PBXContainerItemProxy */;
		};
/* End PBXTargetDependency section */

/* Begin XCBuildConfiguration section */
		A100000A200000010000000100000001 /* Debug */ = {
			isa = XCBuildConfiguration;
			buildSettings = {
				ALWAYS_SEARCH_USER_PATHS = NO;
				ASSETCATALOG_COMPILER_GENERATE_SWIFT_ASSET_SYMBOL_EXTENSIONS = YES;
				CLANG_ANALYZER_NONNULL = YES;
				CLANG_ANALYZER_NUMBER_OBJECT_CONVERSION = YES_AGGRESSIVE;
				CLANG_CXX_LANGUAGE_STANDARD = "gnu++20";
				CLANG_ENABLE_MODULES = YES;
				CLANG_ENABLE_OBJC_ARC = YES;
				CLANG_ENABLE_OBJC_WEAK = YES;
				CLANG_WARN_BLOCK_CAPTURE_AUTORELEASING = YES;
				CLANG_WARN_BOOL_CONVERSION = YES;
				CLANG_WARN_COMMA = YES;
				CLANG_WARN_CONSTANT_CONVERSION = YES;
				CLANG_WARN_DEPRECATED_OBJC_IMPLEMENTATIONS = YES;
				CLANG_WARN_DIRECT_OBJC_ISA_USAGE = YES_ERROR;
				CLANG_WARN_DOCUMENTATION_COMMENTS = YES;
				CLANG_WARN_EMPTY_BODY = YES;
				CLANG_WARN_ENUM_CONVERSION = YES;
				CLANG_WARN_INFINITE_RECURSION = YES;
				CLANG_WARN_INT_CONVERSION = YES;
				CLANG_WARN_NON_LITERAL_NULL_CONVERSION = YES;
				CLANG_WARN_OBJC_IMPLICIT_RETAIN_SELF = YES;
				CLANG_WARN_OBJC_LITERAL_CONVERSION = YES;
				CLANG_WARN_OBJC_ROOT_CLASS = YES_ERROR;
				CLANG_WARN_QUOTED_INCLUDE_IN_FRAMEWORK_HEADER = YES;
				CLANG_WARN_RANGE_LOOP_ANALYSIS = YES;
				CLANG_WARN_STRICT_PROTOTYPES = YES;
				CLANG_WARN_SUSPICIOUS_MOVE = YES;
				CLANG_WARN_UNGUARDED_AVAILABILITY = YES_AGGRESSIVE;
				CLANG_WARN_UNREACHABLE_CODE = YES;
				CLANG_WARN__DUPLICATE_METHOD_MATCH = YES;
				COPY_PHASE_STRIP = NO;
				DEBUG_INFORMATION_FORMAT = dwarf;
				ENABLE_STRICT_OBJC_MSGSEND = YES;
				ENABLE_TESTABILITY = YES;
				ENABLE_USER_SCRIPT_SANDBOXING = YES;
				GCC_C_LANGUAGE_STANDARD = gnu17;
				GCC_DYNAMIC_NO_PIC = NO;
				GCC_NO_COMMON_BLOCKS = YES;
				GCC_OPTIMIZATION_LEVEL = 0;
				GCC_PREPROCESSOR_DEFINITIONS = (
					"DEBUG=1",
					"$(inherited)",
				);
				GCC_WARN_64_TO_32_BIT_CONVERSION = YES;
				GCC_WARN_ABOUT_RETURN_TYPE = YES_ERROR;
				GCC_WARN_UNDECLARED_SELECTOR = YES;
				GCC_WARN_UNINITIALIZED_AUTOS = YES_AGGRESSIVE;
				GCC_WARN_UNUSED_FUNCTION = YES;
				GCC_WARN_UNUSED_VARIABLE = YES;
				IPHONEOS_DEPLOYMENT_TARGET = 17.0;
				LOCALIZATION_PREFERS_STRING_CATALOGS = YES;
				MTL_ENABLE_DEBUG_INFO = INCLUDE_SOURCE;
				MTL_FAST_MATH = YES;
				ONLY_ACTIVE_ARCH = YES;
				SDKROOT = iphoneos;
				SWIFT_ACTIVE_COMPILATION_CONDITIONS = "DEBUG $(inherited)";
				SWIFT_OPTIMIZATION_LEVEL = "-Onone";
			};
			name = Debug;
		};
		A100000A200000010000000100000002 /* Release */ = {
			isa = XCBuildConfiguration;
			buildSettings = {
				ALWAYS_SEARCH_USER_PATHS = NO;
				ASSETCATALOG_COMPILER_GENERATE_SWIFT_ASSET_SYMBOL_EXTENSIONS = YES;
				CLANG_ANALYZER_NONNULL = YES;
				CLANG_ANALYZER_NUMBER_OBJECT_CONVERSION = YES_AGGRESSIVE;
				CLANG_CXX_LANGUAGE_STANDARD = "gnu++20";
				CLANG_ENABLE_MODULES = YES;
				CLANG_ENABLE_OBJC_ARC = YES;
				CLANG_ENABLE_OBJC_WEAK = YES;
				CLANG_WARN_BLOCK_CAPTURE_AUTORELEASING = YES;
				CLANG_WARN_BOOL_CONVERSION = YES;
				CLANG_WARN_COMMA = YES;
				CLANG_WARN_CONSTANT_CONVERSION = YES;
				CLANG_WARN_DEPRECATED_OBJC_IMPLEMENTATIONS = YES;
				CLANG_WARN_DIRECT_OBJC_ISA_USAGE = YES_ERROR;
				CLANG_WARN_DOCUMENTATION_COMMENTS = YES;
				CLANG_WARN_EMPTY_BODY = YES;
				CLANG_WARN_ENUM_CONVERSION = YES;
				CLANG_WARN_INFINITE_RECURSION = YES;
				CLANG_WARN_INT_CONVERSION = YES;
				CLANG_WARN_NON_LITERAL_NULL_CONVERSION = YES;
				CLANG_WARN_OBJC_IMPLICIT_RETAIN_SELF = YES;
				CLANG_WARN_OBJC_LITERAL_CONVERSION = YES;
				CLANG_WARN_OBJC_ROOT_CLASS = YES_ERROR;
				CLANG_WARN_QUOTED_INCLUDE_IN_FRAMEWORK_HEADER = YES;
				CLANG_WARN_RANGE_LOOP_ANALYSIS = YES;
				CLANG_WARN_STRICT_PROTOTYPES = YES;
				CLANG_WARN_SUSPICIOUS_MOVE = YES;
				CLANG_WARN_UNGUARDED_AVAILABILITY = YES_AGGRESSIVE;
				CLANG_WARN_UNREACHABLE_CODE = YES;
				CLANG_WARN__DUPLICATE_METHOD_MATCH = YES;
				COPY_PHASE_STRIP = NO;
				DEBUG_INFORMATION_FORMAT = "dwarf-with-dsym";
				ENABLE_NS_ASSERTIONS = NO;
				ENABLE_STRICT_OBJC_MSGSEND = YES;
				ENABLE_USER_SCRIPT_SANDBOXING = YES;
				GCC_C_LANGUAGE_STANDARD = gnu17;
				GCC_NO_COMMON_BLOCKS = YES;
				GCC_WARN_64_TO_32_BIT_CONVERSION = YES;
				GCC_WARN_ABOUT_RETURN_TYPE = YES_ERROR;
				GCC_WARN_UNDECLARED_SELECTOR = YES;
				GCC_WARN_UNINITIALIZED_AUTOS = YES_AGGRESSIVE;
				GCC_WARN_UNUSED_FUNCTION = YES;
				GCC_WARN_UNUSED_VARIABLE = YES;
				IPHONEOS_DEPLOYMENT_TARGET = 17.0;
				LOCALIZATION_PREFERS_STRING_CATALOGS = YES;
				MTL_ENABLE_DEBUG_INFO = NO;
				MTL_FAST_MATH = YES;
				SDKROOT = iphoneos;
				SWIFT_COMPILATION_MODE = wholemodule;
				VALIDATE_PRODUCT = YES;
			};
			name = Release;
		};
		A100000A200000010000000100000003 /* Debug */ = {
			isa = XCBuildConfiguration;
			buildSettings = {
				ASSETCATALOG_COMPILER_APPICON_NAME = AppIcon;
				ASSETCATALOG_COMPILER_GLOBAL_ACCENT_COLOR_NAME = AccentColor;
				CODE_SIGN_STYLE = Automatic;
				CURRENT_PROJECT_VERSION = 1;
				DEVELOPMENT_TEAM = "";
				ENABLE_PREVIEWS = YES;
				GENERATE_INFOPLIST_FILE = YES;
				INFOPLIST_KEY_UIApplicationSceneManifest_Generation = YES;
				INFOPLIST_KEY_UIApplicationSupportsIndirectInputEvents = YES;
				INFOPLIST_KEY_UILaunchScreen_Generation = YES;
				INFOPLIST_KEY_UISupportedInterfaceOrientations_iPad = "UIInterfaceOrientationPortrait UIInterfaceOrientationPortraitUpsideDown UIInterfaceOrientationLandscapeLeft UIInterfaceOrientationLandscapeRight";
				INFOPLIST_KEY_UISupportedInterfaceOrientations_iPhone = "UIInterfaceOrientationPortrait UIInterfaceOrientationLandscapeLeft UIInterfaceOrientationLandscapeRight";
				LD_RUNPATH_SEARCH_PATHS = (
					"$(inherited)",
					"@executable_path/Frameworks",
				);
				MARKETING_VERSION = 1.0;
				PRODUCT_BUNDLE_IDENTIFIER = com.hrty.app;
				PRODUCT_NAME = "$(TARGET_NAME)";
				SWIFT_EMIT_LOC_STRINGS = YES;
				SWIFT_VERSION = 5.0;
				TARGETED_DEVICE_FAMILY = "1,2";
			};
			name = Debug;
		};
		A100000A200000010000000100000004 /* Release */ = {
			isa = XCBuildConfiguration;
			buildSettings = {
				ASSETCATALOG_COMPILER_APPICON_NAME = AppIcon;
				ASSETCATALOG_COMPILER_GLOBAL_ACCENT_COLOR_NAME = AccentColor;
				CODE_SIGN_STYLE = Automatic;
				CURRENT_PROJECT_VERSION = 1;
				DEVELOPMENT_TEAM = "";
				ENABLE_PREVIEWS = YES;
				GENERATE_INFOPLIST_FILE = YES;
				INFOPLIST_KEY_UIApplicationSceneManifest_Generation = YES;
				INFOPLIST_KEY_UIApplicationSupportsIndirectInputEvents = YES;
				INFOPLIST_KEY_UILaunchScreen_Generation = YES;
				INFOPLIST_KEY_UISupportedInterfaceOrientations_iPad = "UIInterfaceOrientationPortrait UIInterfaceOrientationPortraitUpsideDown UIInterfaceOrientationLandscapeLeft UIInterfaceOrientationLandscapeRight";
				INFOPLIST_KEY_UISupportedInterfaceOrientations_iPhone = "UIInterfaceOrientationPortrait UIInterfaceOrientationLandscapeLeft UIInterfaceOrientationLandscapeRight";
				LD_RUNPATH_SEARCH_PATHS = (
					"$(inherited)",
					"@executable_path/Frameworks",
				);
				MARKETING_VERSION = 1.0;
				PRODUCT_BUNDLE_IDENTIFIER = com.hrty.app;
				PRODUCT_NAME = "$(TARGET_NAME)";
				SWIFT_EMIT_LOC_STRINGS = YES;
				SWIFT_VERSION = 5.0;
				TARGETED_DEVICE_FAMILY = "1,2";
			};
			name = Release;
		};
		B100000C200000010000000200000001 /* Debug */ = {
			isa = XCBuildConfiguration;
			buildSettings = {
				BUNDLE_LOADER = "$(TEST_HOST)";
				CODE_SIGN_STYLE = Automatic;
				CURRENT_PROJECT_VERSION = 1;
				DEVELOPMENT_TEAM = "";
				GENERATE_INFOPLIST_FILE = YES;
				IPHONEOS_DEPLOYMENT_TARGET = 17.0;
				MARKETING_VERSION = 1.0;
				PRODUCT_BUNDLE_IDENTIFIER = com.hrty.app.tests;
				PRODUCT_NAME = "$(TARGET_NAME)";
				SWIFT_EMIT_LOC_STRINGS = NO;
				SWIFT_VERSION = 5.0;
				TARGETED_DEVICE_FAMILY = "1,2";
				TEST_HOST = "$(BUILT_PRODUCTS_DIR)/HRTY.app/$(BUNDLE_EXECUTABLE_FOLDER_PATH)/HRTY";
			};
			name = Debug;
		};
		B100000C200000010000000200000002 /* Release */ = {
			isa = XCBuildConfiguration;
			buildSettings = {
				BUNDLE_LOADER = "$(TEST_HOST)";
				CODE_SIGN_STYLE = Automatic;
				CURRENT_PROJECT_VERSION = 1;
				DEVELOPMENT_TEAM = "";
				GENERATE_INFOPLIST_FILE = YES;
				IPHONEOS_DEPLOYMENT_TARGET = 17.0;
				MARKETING_VERSION = 1.0;
				PRODUCT_BUNDLE_IDENTIFIER = com.hrty.app.tests;
				PRODUCT_NAME = "$(TARGET_NAME)";
				SWIFT_EMIT_LOC_STRINGS = NO;
				SWIFT_VERSION = 5.0;
				TARGETED_DEVICE_FAMILY = "1,2";
				TEST_HOST = "$(BUILT_PRODUCTS_DIR)/HRTY.app/$(BUNDLE_EXECUTABLE_FOLDER_PATH)/HRTY";
			};
			name = Release;
		};
/* End XCBuildConfiguration section */

/* Begin XCConfigurationList section */
		A1000008200000010000000100000001 /* Build configuration list for PBXNativeTarget "HRTY" */ = {
			isa = XCConfigurationList;
			buildConfigurations = (
				A100000A200000010000000100000003 /* Debug */,
				A100000A200000010000000100000004 /* Release */,
			);
			defaultConfigurationIsVisible = 0;
			defaultConfigurationName = Release;
		};
		A1000008200000010000000100000002 /* Build configuration list for PBXProject "HRTY" */ = {
			isa = XCConfigurationList;
			buildConfigurations = (
				A100000A200000010000000100000001 /* Debug */,
				A100000A200000010000000100000002 /* Release */,
			);
			defaultConfigurationIsVisible = 0;
			defaultConfigurationName = Release;
		};
		B1000008200000010000000200000001 /* Build configuration list for PBXNativeTarget "HRTYTests" */ = {
			isa = XCConfigurationList;
			buildConfigurations = (
				B100000C200000010000000200000001 /* Debug */,
				B100000C200000010000000200000002 /* Release */,
			);
			defaultConfigurationIsVisible = 0;
			defaultConfigurationName = Release;
		};
/* End XCConfigurationList section */
	};
	rootObject = A1000009200000010000000100000001 /* Project object */;
}
